Microsoft Visual Studio Solution File, Format Version 8.00
Project("{F184B08F-C81C-45F6-A57F-5ABD9991F28F}") = "State Capital Project", "State Capital Project\State Capital Project.vbproj", "{430A6F57-B928-4CC8-A8FC-12062F01C6CE}"
	ProjectSection(ProjectDependencies) = postProject
	EndProjectSection
EndProject
Global
	GlobalSection(SolutionConfiguration) = preSolution
		Debug = Debug
		Release = Release
	EndGlobalSection
	GlobalSection(ProjectConfiguration) = postSolution
		{430A6F57-B928-4CC8-A8FC-12062F01C6CE}.Debug.ActiveCfg = Debug|.NET
		{430A6F57-B928-4CC8-A8FC-12062F01C6CE}.Debug.Build.0 = Debug|.NET
		{430A6F57-B928-4CC8-A8FC-12062F01C6CE}.Release.ActiveCfg = Release|.NET
		{430A6F57-B928-4CC8-A8FC-12062F01C6CE}.Release.Build.0 = Release|.NET
	EndGlobalSection
	GlobalSection(ExtensibilityGlobals) = postSolution
	EndGlobalSection
	GlobalSection(ExtensibilityAddIns) = postSolution
	EndGlobalSection
EndGlobal
